
Microsoft Visual Studio Solution File, Format Version 12.00
# Visual Studio 14
VisualStudioVersion = 14.0.23107.0
MinimumVisualStudioVersion = 10.0.40219.1
Project("{FAE04EC0-301F-11D3-BF4B-00C04F79EFBC}") = "microDI", "microDI\microDI.csproj", "{8EDB934B-5B64-4501-BA6C-3E80B2395D62}"
EndProject
Project("{2150E333-8FDC-42A3-9474-1A3956D46DE8}") = "tests", "tests", "{3AB9AAC8-B3B1-40DE-8894-3DA8B95C76F6}"
EndProject
Project("{FAE04EC0-301F-11D3-BF4B-00C04F79EFBC}") = "microDI.UnitTests", "Tests\microDI.UnitTests\microDI.UnitTests.csproj", "{2C454B41-161D-4E5B-9752-2F38D0C0EF20}"
EndProject
Global
	GlobalSection(SolutionConfigurationPlatforms) = preSolution
		Debug|Any CPU = Debug|Any CPU
		Release|Any CPU = Release|Any CPU
	EndGlobalSection
	GlobalSection(ProjectConfigurationPlatforms) = postSolution
		{8EDB934B-5B64-4501-BA6C-3E80B2395D62}.Debug|Any CPU.ActiveCfg = Debug|Any CPU
		{8EDB934B-5B64-4501-BA6C-3E80B2395D62}.Debug|Any CPU.Build.0 = Debug|Any CPU
		{8EDB934B-5B64-4501-BA6C-3E80B2395D62}.Release|Any CPU.ActiveCfg = Release|Any CPU
		{8EDB934B-5B64-4501-BA6C-3E80B2395D62}.Release|Any CPU.Build.0 = Release|Any CPU
		{2C454B41-161D-4E5B-9752-2F38D0C0EF20}.Debug|Any CPU.ActiveCfg = Debug|Any CPU
		{2C454B41-161D-4E5B-9752-2F38D0C0EF20}.Debug|Any CPU.Build.0 = Debug|Any CPU
		{2C454B41-161D-4E5B-9752-2F38D0C0EF20}.Release|Any CPU.ActiveCfg = Release|Any CPU
		{2C454B41-161D-4E5B-9752-2F38D0C0EF20}.Release|Any CPU.Build.0 = Release|Any CPU
	EndGlobalSection
	GlobalSection(SolutionProperties) = preSolution
		HideSolutionNode = FALSE
	EndGlobalSection
	GlobalSection(NestedProjects) = preSolution
		{2C454B41-161D-4E5B-9752-2F38D0C0EF20} = {3AB9AAC8-B3B1-40DE-8894-3DA8B95C76F6}
	EndGlobalSection
EndGlobal
