
Microsoft Visual Studio Solution File, Format Version 12.00
# Visual Studio 15
VisualStudioVersion = 15.0.28307.572
MinimumVisualStudioVersion = 10.0.40219.1
Project("{9A19103F-16F7-4668-BE54-9A1E7A4F7556}") = "microDI", "microDI\microDI.csproj", "{8EDB934B-5B64-4501-BA6C-3E80B2395D62}"
EndProject
Project("{2150E333-8FDC-42A3-9474-1A3956D46DE8}") = "tests", "tests", "{3AB9AAC8-B3B1-40DE-8894-3DA8B95C76F6}"
EndProject
Project("{9A19103F-16F7-4668-BE54-9A1E7A4F7556}") = "microDI.UnitTests.NetCore", "Tests\microDI.UnitTests.NetCore\microDI.UnitTests.NetCore.csproj", "{D739AC6B-613C-429D-B15D-3373D233CA4D}"
	ProjectSection(ProjectDependencies) = postProject
		{8EDB934B-5B64-4501-BA6C-3E80B2395D62} = {8EDB934B-5B64-4501-BA6C-3E80B2395D62}
	EndProjectSection
EndProject
Global
	GlobalSection(SolutionConfigurationPlatforms) = preSolution
		Debug|Any CPU = Debug|Any CPU
		Debug|x64 = Debug|x64
		Debug|x86 = Debug|x86
		Release|Any CPU = Release|Any CPU
		Release|x64 = Release|x64
		Release|x86 = Release|x86
	EndGlobalSection
	GlobalSection(ProjectConfigurationPlatforms) = postSolution
		{8EDB934B-5B64-4501-BA6C-3E80B2395D62}.Debug|Any CPU.ActiveCfg = Debug|Any CPU
		{8EDB934B-5B64-4501-BA6C-3E80B2395D62}.Debug|Any CPU.Build.0 = Debug|Any CPU
		{8EDB934B-5B64-4501-BA6C-3E80B2395D62}.Debug|x64.ActiveCfg = Debug|x64
		{8EDB934B-5B64-4501-BA6C-3E80B2395D62}.Debug|x64.Build.0 = Debug|x64
		{8EDB934B-5B64-4501-BA6C-3E80B2395D62}.Debug|x86.ActiveCfg = Debug|x86
		{8EDB934B-5B64-4501-BA6C-3E80B2395D62}.Debug|x86.Build.0 = Debug|x86
		{8EDB934B-5B64-4501-BA6C-3E80B2395D62}.Release|Any CPU.ActiveCfg = Release|Any CPU
		{8EDB934B-5B64-4501-BA6C-3E80B2395D62}.Release|Any CPU.Build.0 = Release|Any CPU
		{8EDB934B-5B64-4501-BA6C-3E80B2395D62}.Release|x64.ActiveCfg = Release|x64
		{8EDB934B-5B64-4501-BA6C-3E80B2395D62}.Release|x64.Build.0 = Release|x64
		{8EDB934B-5B64-4501-BA6C-3E80B2395D62}.Release|x86.ActiveCfg = Release|x86
		{8EDB934B-5B64-4501-BA6C-3E80B2395D62}.Release|x86.Build.0 = Release|x86
		{D739AC6B-613C-429D-B15D-3373D233CA4D}.Debug|Any CPU.ActiveCfg = Debug|Any CPU
		{D739AC6B-613C-429D-B15D-3373D233CA4D}.Debug|Any CPU.Build.0 = Debug|Any CPU
		{D739AC6B-613C-429D-B15D-3373D233CA4D}.Debug|x64.ActiveCfg = Debug|x64
		{D739AC6B-613C-429D-B15D-3373D233CA4D}.Debug|x64.Build.0 = Debug|x64
		{D739AC6B-613C-429D-B15D-3373D233CA4D}.Debug|x86.ActiveCfg = Debug|x86
		{D739AC6B-613C-429D-B15D-3373D233CA4D}.Debug|x86.Build.0 = Debug|x86
		{D739AC6B-613C-429D-B15D-3373D233CA4D}.Release|Any CPU.ActiveCfg = Release|Any CPU
		{D739AC6B-613C-429D-B15D-3373D233CA4D}.Release|Any CPU.Build.0 = Release|Any CPU
		{D739AC6B-613C-429D-B15D-3373D233CA4D}.Release|x64.ActiveCfg = Release|x64
		{D739AC6B-613C-429D-B15D-3373D233CA4D}.Release|x64.Build.0 = Release|x64
		{D739AC6B-613C-429D-B15D-3373D233CA4D}.Release|x86.ActiveCfg = Release|x86
		{D739AC6B-613C-429D-B15D-3373D233CA4D}.Release|x86.Build.0 = Release|x86
	EndGlobalSection
	GlobalSection(SolutionProperties) = preSolution
		HideSolutionNode = FALSE
	EndGlobalSection
	GlobalSection(NestedProjects) = preSolution
		{D739AC6B-613C-429D-B15D-3373D233CA4D} = {3AB9AAC8-B3B1-40DE-8894-3DA8B95C76F6}
	EndGlobalSection
	GlobalSection(ExtensibilityGlobals) = postSolution
		SolutionGuid = {01E6BF9B-FD7D-4C7B-9AD7-A529E8D52B89}
	EndGlobalSection
EndGlobal
